
Microsoft Visual Studio Solution File, Format Version 12.00
# Visual Studio Version 16
VisualStudioVersion = 16.0.31205.134
MinimumVisualStudioVersion = 10.0.40219.1
Project("{8BC9CEB8-8B4A-11D0-8D11-00A0C91BC942}") = "04_Recours", "04_Recours.vcxproj", "{4857C8EF-68CB-44B9-BF85-119086590020}"
EndProject
Global
	GlobalSection(SolutionConfigurationPlatforms) = preSolution
		Debug|x64 = Debug|x64
		Debug|x86 = Debug|x86
		Release|x64 = Release|x64
		Release|x86 = Release|x86
	EndGlobalSection
	GlobalSection(ProjectConfigurationPlatforms) = postSolution
		{4857C8EF-68CB-44B9-BF85-119086590020}.Debug|x64.ActiveCfg = Debug|x64
		{4857C8EF-68CB-44B9-BF85-119086590020}.Debug|x64.Build.0 = Debug|x64
		{4857C8EF-68CB-44B9-BF85-119086590020}.Debug|x86.ActiveCfg = Debug|Win32
		{4857C8EF-68CB-44B9-BF85-119086590020}.Debug|x86.Build.0 = Debug|Win32
		{4857C8EF-68CB-44B9-BF85-119086590020}.Release|x64.ActiveCfg = Release|x64
		{4857C8EF-68CB-44B9-BF85-119086590020}.Release|x64.Build.0 = Release|x64
		{4857C8EF-68CB-44B9-BF85-119086590020}.Release|x86.ActiveCfg = Release|Win32
		{4857C8EF-68CB-44B9-BF85-119086590020}.Release|x86.Build.0 = Release|Win32
	EndGlobalSection
	GlobalSection(SolutionProperties) = preSolution
		HideSolutionNode = FALSE
	EndGlobalSection
	GlobalSection(ExtensibilityGlobals) = postSolution
		SolutionGuid = {CD72E062-4D15-47CA-A4A8-2C317533D394}
	EndGlobalSection
EndGlobal
